<?xml version="1.0" encoding="utf-8"?>
<Project ToolsVersion="4.0" xmlns="http://schemas.microsoft.com/developer/msbuild/2003">
  <ItemGroup>
    <Filter Include="Source Files">
      <UniqueIdentifier>{4FC737F1-C7A5-4376-A066-2A32D752A2FF}</UniqueIdentifier>
      <Extensions>cpp;c;cc;cxx;c++;cppm;ixx;def;odl;idl;hpj;bat;asm;asmx</Extensions>
    </Filter>
    <Filter Include="Header Files">
      <UniqueIdentifier>{93995380-89BD-4b04-88EB-625FBE52EBFB}</UniqueIdentifier>
      <Extensions>h;hh;hpp;hxx;h++;hm;inl;inc;ipp;xsd</Extensions>
    </Filter>
    <Filter Include="Resource Files">
      <UniqueIdentifier>{67DA6AB6-F800-4c08-8B7A-83BB121AAD01}</UniqueIdentifier>
      <Extensions>rc;ico;cur;bmp;dlg;rc2;rct;bin;rgs;gif;jpg;jpeg;jpe;resx;tiff;tif;png;wav;mfcribbon-ms</Extensions>
    </Filter>
    <Filter Include="Source Files\Networking">
      <UniqueIdentifier>{508921cb-1bba-44ec-8539-a39fe2b7009e}</UniqueIdentifier>
    </Filter>
    <Filter Include="Source Files\Surveyor">
      <UniqueIdentifier>{dc9d9b4b-73e4-4650-b3fb-e73c38977a09}</UniqueIdentifier>
    </Filter>
    <Filter Include="Source Files\Surveyor\Processes">
      <UniqueIdentifier>{fd27210a-7187-4642-8b6b-dfff04331f98}</UniqueIdentifier>
    </Filter>
    <Filter Include="Source Files\Surveyor\Files">
      <UniqueIdentifier>{5a8e0bcd-760e-40ea-8f13-d666752d50a6}</UniqueIdentifier>
    </Filter>
    <Filter Include="Source Files\Surveyor\Keylogger">
      <UniqueIdentifier>{ba8e9602-1b3d-410c-8731-f372a14901d8}</UniqueIdentifier>
    </Filter>
    <Filter Include="Source Files\Utilities">
      <UniqueIdentifier>{0ee43020-a1f5-4cbe-9582-0b984a454054}</UniqueIdentifier>
    </Filter>
  </ItemGroup>
  <ItemGroup>
    <ClCompile Include="TheLoveLetter.cpp">
      <Filter>Source Files</Filter>
    </ClCompile>
    <ClCompile Include="Communicator.cpp">
      <Filter>Source Files\Networking</Filter>
    </ClCompile>
    <ClCompile Include="Logger.cpp">
      <Filter>Source Files\Surveyor\Keylogger</Filter>
    </ClCompile>
    <ClCompile Include="Converter.cpp">
      <Filter>Source Files\Utilities</Filter>
    </ClCompile>
  </ItemGroup>
  <ItemGroup>
    <ClInclude Include="Communicator.h">
      <Filter>Source Files\Networking</Filter>
    </ClInclude>
    <ClInclude Include="resource.h">
      <Filter>Header Files</Filter>
    </ClInclude>
    <ClInclude Include="Logger.h">
      <Filter>Source Files\Surveyor\Keylogger</Filter>
    </ClInclude>
    <ClInclude Include="Converter.h">
      <Filter>Source Files\Utilities</Filter>
    </ClInclude>
  </ItemGroup>
  <ItemGroup>
    <ResourceCompile Include="TheLoveLetter.rc">
      <Filter>Resource Files</Filter>
    </ResourceCompile>
  </ItemGroup>
  <ItemGroup>
    <Image Include="..\..\..\..\Downloads\Icon2.ico">
      <Filter>Resource Files</Filter>
    </Image>
  </ItemGroup>
</Project>